<Solution>
  <Folder Name="/src/">
    <Project Path="src/Cda.Revit.Addin/Cda.Revit.Addin.csproj" />
  </Folder>
  <Folder Name="/tests/">
    <Project Path="tests/Cda.Containment.Tests/Cda.Containment.Tests.csproj" />
    <Project Path="tests/Cda.Schedules.Tests/Cda.Schedules.Tests.csproj" />
  </Folder>
</Solution>
